// !$*UTF8*$!
{
	archiveVersion = 1;
	classes = {
	};
	objectVersion = 50;
	objects = {

/* Begin PBXBuildFile section */
		1ECAAFB69F1CA2A98B0F6713 /* Pods_VictoriaCovidTests.framework in Frameworks */ = {isa = PBXBuildFile; fileRef = B9DE49304A4B22CFA713037C /* Pods_VictoriaCovidTests.framework */; };
		595BB3E22DC7CF46C2B70354 /* Pods_VictoriaCovid.framework in Frameworks */ = {isa = PBXBuildFile; fileRef = 5F7283ABD6D90D304E7740BF /* Pods_VictoriaCovid.framework */; };
		81746F0224D2CF1F00A82DB5 /* AppDelegate.swift in Sources */ = {isa = PBXBuildFile; fileRef = 81746F0124D2CF1F00A82DB5 /* AppDelegate.swift */; };
		81746F0424D2CF1F00A82DB5 /* SceneDelegate.swift in Sources */ = {isa = PBXBuildFile; fileRef = 81746F0324D2CF1F00A82DB5 /* SceneDelegate.swift */; };
		81746F0624D2CF1F00A82DB5 /* ViewController.swift in Sources */ = {isa = PBXBuildFile; fileRef = 81746F0524D2CF1F00A82DB5 /* ViewController.swift */; };
		81746F0924D2CF1F00A82DB5 /* Main.storyboard in Resources */ = {isa = PBXBuildFile; fileRef = 81746F0724D2CF1F00A82DB5 /* Main.storyboard */; };
		81746F0B24D2CF2000A82DB5 /* Assets.xcassets in Resources */ = {isa = PBXBuildFile; fileRef = 81746F0A24D2CF2000A82DB5 /* Assets.xcassets */; };
		81746F0E24D2CF2000A82DB5 /* LaunchScreen.storyboard in Resources */ = {isa = PBXBuildFile; fileRef = 81746F0C24D2CF2000A82DB5 /* LaunchScreen.storyboard */; };
		81746F1924D2CF2000A82DB5 /* VictoriaCovidTests.swift in Sources */ = {isa = PBXBuildFile; fileRef = 81746F1824D2CF2000A82DB5 /* VictoriaCovidTests.swift */; };
		81746F2424D2CF2000A82DB5 /* VictoriaCovidUITests.swift in Sources */ = {isa = PBXBuildFile; fileRef = 81746F2324D2CF2000A82DB5 /* VictoriaCovidUITests.swift */; };
		8675A1A6A037F022CDC615D8 /* Pods_VictoriaCovid_VictoriaCovidUITests.framework in Frameworks */ = {isa = PBXBuildFile; fileRef = 1EA6978899079E449B5A7A14 /* Pods_VictoriaCovid_VictoriaCovidUITests.framework */; };
/* End PBXBuildFile section */

/* Begin PBXContainerItemProxy section */
		81746F1524D2CF2000A82DB5 /* PBXContainerItemProxy */ = {
			isa = PBXContainerItemProxy;
			containerPortal = 81746EF624D2CF1F00A82DB5 /* Project object */;
			proxyType = 1;
			remoteGlobalIDString = 81746EFD24D2CF1F00A82DB5;
			remoteInfo = VictoriaCovid;
		};
		81746F2024D2CF2000A82DB5 /* PBXContainerItemProxy */ = {
			isa = PBXContainerItemProxy;
			containerPortal = 81746EF624D2CF1F00A82DB5 /* Project object */;
			proxyType = 1;
			remoteGlobalIDString = 81746EFD24D2CF1F00A82DB5;
			remoteInfo = VictoriaCovid;
		};
/* End PBXContainerItemProxy section */

/* Begin PBXFileReference section */
		1EA6978899079E449B5A7A14 /* Pods_VictoriaCovid_VictoriaCovidUITests.framework */ = {isa = PBXFileReference; explicitFileType = wrapper.framework; includeInIndex = 0; path = Pods_VictoriaCovid_VictoriaCovidUITests.framework; sourceTree = BUILT_PRODUCTS_DIR; };
		43CF14CDCA426842844B537C /* Pods-VictoriaCovidTests.release.xcconfig */ = {isa = PBXFileReference; includeInIndex = 1; lastKnownFileType = text.xcconfig; name = "Pods-VictoriaCovidTests.release.xcconfig"; path = "Target Support Files/Pods-VictoriaCovidTests/Pods-VictoriaCovidTests.release.xcconfig"; sourceTree = "<group>"; };
		49ED53A68ABE0E2132709E78 /* Pods-VictoriaCovid.debug.xcconfig */ = {isa = PBXFileReference; includeInIndex = 1; lastKnownFileType = text.xcconfig; name = "Pods-VictoriaCovid.debug.xcconfig"; path = "Target Support Files/Pods-VictoriaCovid/Pods-VictoriaCovid.debug.xcconfig"; sourceTree = "<group>"; };
		5F7283ABD6D90D304E7740BF /* Pods_VictoriaCovid.framework */ = {isa = PBXFileReference; explicitFileType = wrapper.framework; includeInIndex = 0; path = Pods_VictoriaCovid.framework; sourceTree = BUILT_PRODUCTS_DIR; };
		65D3B2A0DE0DFEB3F1D30658 /* Pods-VictoriaCovid-VictoriaCovidUITests.release.xcconfig */ = {isa = PBXFileReference; includeInIndex = 1; lastKnownFileType = text.xcconfig; name = "Pods-VictoriaCovid-VictoriaCovidUITests.release.xcconfig"; path = "Target Support Files/Pods-VictoriaCovid-VictoriaCovidUITests/Pods-VictoriaCovid-VictoriaCovidUITests.release.xcconfig"; sourceTree = "<group>"; };
		7E801E68BAE2C04C7909DB5C /* Pods-VictoriaCovidTests.debug.xcconfig */ = {isa = PBXFileReference; includeInIndex = 1; lastKnownFileType = text.xcconfig; name = "Pods-VictoriaCovidTests.debug.xcconfig"; path = "Target Support Files/Pods-VictoriaCovidTests/Pods-VictoriaCovidTests.debug.xcconfig"; sourceTree = "<group>"; };
		81746EFE24D2CF1F00A82DB5 /* VictoriaCovid.app */ = {isa = PBXFileReference; explicitFileType = wrapper.application; includeInIndex = 0; path = VictoriaCovid.app; sourceTree = BUILT_PRODUCTS_DIR; };
		81746F0124D2CF1F00A82DB5 /* AppDelegate.swift */ = {isa = PBXFileReference; lastKnownFileType = sourcecode.swift; path = AppDelegate.swift; sourceTree = "<group>"; };
		81746F0324D2CF1F00A82DB5 /* SceneDelegate.swift */ = {isa = PBXFileReference; lastKnownFileType = sourcecode.swift; path = SceneDelegate.swift; sourceTree = "<group>"; };
		81746F0524D2CF1F00A82DB5 /* ViewController.swift */ = {isa = PBXFileReference; lastKnownFileType = sourcecode.swift; path = ViewController.swift; sourceTree = "<group>"; };
		81746F0824D2CF1F00A82DB5 /* Base */ = {isa = PBXFileReference; lastKnownFileType = file.storyboard; name = Base; path = Base.lproj/Main.storyboard; sourceTree = "<group>"; };
		81746F0A24D2CF2000A82DB5 /* Assets.xcassets */ = {isa = PBXFileReference; lastKnownFileType = folder.assetcatalog; path = Assets.xcassets; sourceTree = "<group>"; };
		81746F0D24D2CF2000A82DB5 /* Base */ = {isa = PBXFileReference; lastKnownFileType = file.storyboard; name = Base; path = Base.lproj/LaunchScreen.storyboard; sourceTree = "<group>"; };
		81746F0F24D2CF2000A82DB5 /* Info.plist */ = {isa = PBXFileReference; lastKnownFileType = text.plist.xml; path = Info.plist; sourceTree = "<group>"; };
		81746F1424D2CF2000A82DB5 /* VictoriaCovidTests.xctest */ = {isa = PBXFileReference; explicitFileType = wrapper.cfbundle; includeInIndex = 0; path = VictoriaCovidTests.xctest; sourceTree = BUILT_PRODUCTS_DIR; };
		81746F1824D2CF2000A82DB5 /* VictoriaCovidTests.swift */ = {isa = PBXFileReference; lastKnownFileType = sourcecode.swift; path = VictoriaCovidTests.swift; sourceTree = "<group>"; };
		81746F1A24D2CF2000A82DB5 /* Info.plist */ = {isa = PBXFileReference; lastKnownFileType = text.plist.xml; path = Info.plist; sourceTree = "<group>"; };
		81746F1F24D2CF2000A82DB5 /* VictoriaCovidUITests.xctest */ = {isa = PBXFileReference; explicitFileType = wrapper.cfbundle; includeInIndex = 0; path = VictoriaCovidUITests.xctest; sourceTree = BUILT_PRODUCTS_DIR; };
		81746F2324D2CF2000A82DB5 /* VictoriaCovidUITests.swift */ = {isa = PBXFileReference; lastKnownFileType = sourcecode.swift; path = VictoriaCovidUITests.swift; sourceTree = "<group>"; };
		81746F2524D2CF2000A82DB5 /* Info.plist */ = {isa = PBXFileReference; lastKnownFileType = text.plist.xml; path = Info.plist; sourceTree = "<group>"; };
		875DD6A56CD4714830EB4938 /* Pods-VictoriaCovid.release.xcconfig */ = {isa = PBXFileReference; includeInIndex = 1; lastKnownFileType = text.xcconfig; name = "Pods-VictoriaCovid.release.xcconfig"; path = "Target Support Files/Pods-VictoriaCovid/Pods-VictoriaCovid.release.xcconfig"; sourceTree = "<group>"; };
		AA9D7FE67E46C0C68E3C02B5 /* Pods-VictoriaCovid-VictoriaCovidUITests.debug.xcconfig */ = {isa = PBXFileReference; includeInIndex = 1; lastKnownFileType = text.xcconfig; name = "Pods-VictoriaCovid-VictoriaCovidUITests.debug.xcconfig"; path = "Target Support Files/Pods-VictoriaCovid-VictoriaCovidUITests/Pods-VictoriaCovid-VictoriaCovidUITests.debug.xcconfig"; sourceTree = "<group>"; };
		B9DE49304A4B22CFA713037C /* Pods_VictoriaCovidTests.framework */ = {isa = PBXFileReference; explicitFileType = wrapper.framework; includeInIndex = 0; path = Pods_VictoriaCovidTests.framework; sourceTree = BUILT_PRODUCTS_DIR; };
/* End PBXFileReference section */

/* Begin PBXFrameworksBuildPhase section */
		81746EFB24D2CF1F00A82DB5 /* Frameworks */ = {
			isa = PBXFrameworksBuildPhase;
			buildActionMask = 2147483647;
			files = (
				595BB3E22DC7CF46C2B70354 /* Pods_VictoriaCovid.framework in Frameworks */,
			);
			runOnlyForDeploymentPostprocessing = 0;
		};
		81746F1124D2CF2000A82DB5 /* Frameworks */ = {
			isa = PBXFrameworksBuildPhase;
			buildActionMask = 2147483647;
			files = (
				1ECAAFB69F1CA2A98B0F6713 /* Pods_VictoriaCovidTests.framework in Frameworks */,
			);
			runOnlyForDeploymentPostprocessing = 0;
		};
		81746F1C24D2CF2000A82DB5 /* Frameworks */ = {
			isa = PBXFrameworksBuildPhase;
			buildActionMask = 2147483647;
			files = (
				8675A1A6A037F022CDC615D8 /* Pods_VictoriaCovid_VictoriaCovidUITests.framework in Frameworks */,
			);
			runOnlyForDeploymentPostprocessing = 0;
		};
/* End PBXFrameworksBuildPhase section */

/* Begin PBXGroup section */
		4B56CA7089EF970330B19224 /* Frameworks */ = {
			isa = PBXGroup;
			children = (
				5F7283ABD6D90D304E7740BF /* Pods_VictoriaCovid.framework */,
				1EA6978899079E449B5A7A14 /* Pods_VictoriaCovid_VictoriaCovidUITests.framework */,
				B9DE49304A4B22CFA713037C /* Pods_VictoriaCovidTests.framework */,
			);
			name = Frameworks;
			sourceTree = "<group>";
		};
		81746EF524D2CF1F00A82DB5 = {
			isa = PBXGroup;
			children = (
				81746F0024D2CF1F00A82DB5 /* VictoriaCovid */,
				81746F1724D2CF2000A82DB5 /* VictoriaCovidTests */,
				81746F2224D2CF2000A82DB5 /* VictoriaCovidUITests */,
				81746EFF24D2CF1F00A82DB5 /* Products */,
				AAF5A26881FFAAE89BF7FC44 /* Pods */,
				4B56CA7089EF970330B19224 /* Frameworks */,
			);
			sourceTree = "<group>";
		};
		81746EFF24D2CF1F00A82DB5 /* Products */ = {
			isa = PBXGroup;
			children = (
				81746EFE24D2CF1F00A82DB5 /* VictoriaCovid.app */,
				81746F1424D2CF2000A82DB5 /* VictoriaCovidTests.xctest */,
				81746F1F24D2CF2000A82DB5 /* VictoriaCovidUITests.xctest */,
			);
			name = Products;
			sourceTree = "<group>";
		};
		81746F0024D2CF1F00A82DB5 /* VictoriaCovid */ = {
			isa = PBXGroup;
			children = (
				81746F0124D2CF1F00A82DB5 /* AppDelegate.swift */,
				81746F0324D2CF1F00A82DB5 /* SceneDelegate.swift */,
				81746F0524D2CF1F00A82DB5 /* ViewController.swift */,
				81746F0724D2CF1F00A82DB5 /* Main.storyboard */,
				81746F0A24D2CF2000A82DB5 /* Assets.xcassets */,
				81746F0C24D2CF2000A82DB5 /* LaunchScreen.storyboard */,
				81746F0F24D2CF2000A82DB5 /* Info.plist */,
			);
			path = VictoriaCovid;
			sourceTree = "<group>";
		};
		81746F1724D2CF2000A82DB5 /* VictoriaCovidTests */ = {
			isa = PBXGroup;
			children = (
				81746F1824D2CF2000A82DB5 /* VictoriaCovidTests.swift */,
				81746F1A24D2CF2000A82DB5 /* Info.plist */,
			);
			path = VictoriaCovidTests;
			sourceTree = "<group>";
		};
		81746F2224D2CF2000A82DB5 /* VictoriaCovidUITests */ = {
			isa = PBXGroup;
			children = (
				81746F2324D2CF2000A82DB5 /* VictoriaCovidUITests.swift */,
				81746F2524D2CF2000A82DB5 /* Info.plist */,
			);
			path = VictoriaCovidUITests;
			sourceTree = "<group>";
		};
		AAF5A26881FFAAE89BF7FC44 /* Pods */ = {
			isa = PBXGroup;
			children = (
				49ED53A68ABE0E2132709E78 /* Pods-VictoriaCovid.debug.xcconfig */,
				875DD6A56CD4714830EB4938 /* Pods-VictoriaCovid.release.xcconfig */,
				AA9D7FE67E46C0C68E3C02B5 /* Pods-VictoriaCovid-VictoriaCovidUITests.debug.xcconfig */,
				65D3B2A0DE0DFEB3F1D30658 /* Pods-VictoriaCovid-VictoriaCovidUITests.release.xcconfig */,
				7E801E68BAE2C04C7909DB5C /* Pods-VictoriaCovidTests.debug.xcconfig */,
				43CF14CDCA426842844B537C /* Pods-VictoriaCovidTests.release.xcconfig */,
			);
			name = Pods;
			path = Pods;
			sourceTree = "<group>";
		};
/* End PBXGroup section */

/* Begin PBXNativeTarget section */
		81746EFD24D2CF1F00A82DB5 /* VictoriaCovid */ = {
			isa = PBXNativeTarget;
			buildConfigurationList = 81746F2824D2CF2000A82DB5 /* Build configuration list for PBXNativeTarget "VictoriaCovid" */;
			buildPhases = (
				88501D3FCCDFFC6301552EBB /* [CP] Check Pods Manifest.lock */,
				81746EFA24D2CF1F00A82DB5 /* Sources */,
				81746EFB24D2CF1F00A82DB5 /* Frameworks */,
				81746EFC24D2CF1F00A82DB5 /* Resources */,
			);
			buildRules = (
			);
			dependencies = (
			);
			name = VictoriaCovid;
			productName = VictoriaCovid;
			productReference = 81746EFE24D2CF1F00A82DB5 /* VictoriaCovid.app */;
			productType = "com.apple.product-type.application";
		};
		81746F1324D2CF2000A82DB5 /* VictoriaCovidTests */ = {
			isa = PBXNativeTarget;
			buildConfigurationList = 81746F2B24D2CF2000A82DB5 /* Build configuration list for PBXNativeTarget "VictoriaCovidTests" */;
			buildPhases = (
				CF2CE24B93B7EF8B07497BA6 /* [CP] Check Pods Manifest.lock */,
				81746F1024D2CF2000A82DB5 /* Sources */,
				81746F1124D2CF2000A82DB5 /* Frameworks */,
				81746F1224D2CF2000A82DB5 /* Resources */,
			);
			buildRules = (
			);
			dependencies = (
				81746F1624D2CF2000A82DB5 /* PBXTargetDependency */,
			);
			name = VictoriaCovidTests;
			productName = VictoriaCovidTests;
			productReference = 81746F1424D2CF2000A82DB5 /* VictoriaCovidTests.xctest */;
			productType = "com.apple.product-type.bundle.unit-test";
		};
		81746F1E24D2CF2000A82DB5 /* VictoriaCovidUITests */ = {
			isa = PBXNativeTarget;
			buildConfigurationList = 81746F2E24D2CF2000A82DB5 /* Build configuration list for PBXNativeTarget "VictoriaCovidUITests" */;
			buildPhases = (
				3860C88D6ABBA79F615D0CF1 /* [CP] Check Pods Manifest.lock */,
				81746F1B24D2CF2000A82DB5 /* Sources */,
				81746F1C24D2CF2000A82DB5 /* Frameworks */,
				81746F1D24D2CF2000A82DB5 /* Resources */,
			);
			buildRules = (
			);
			dependencies = (
				81746F2124D2CF2000A82DB5 /* PBXTargetDependency */,
			);
			name = VictoriaCovidUITests;
			productName = VictoriaCovidUITests;
			productReference = 81746F1F24D2CF2000A82DB5 /* VictoriaCovidUITests.xctest */;
			productType = "com.apple.product-type.bundle.ui-testing";
		};
/* End PBXNativeTarget section */

/* Begin PBXProject section */
		81746EF624D2CF1F00A82DB5 /* Project object */ = {
			isa = PBXProject;
			attributes = {
				LastSwiftUpdateCheck = 1160;
				LastUpgradeCheck = 1160;
				ORGANIZATIONNAME = "Naveenprabhu Arumugam";
				TargetAttributes = {
					81746EFD24D2CF1F00A82DB5 = {
						CreatedOnToolsVersion = 11.6;
					};
					81746F1324D2CF2000A82DB5 = {
						CreatedOnToolsVersion = 11.6;
						TestTargetID = 81746EFD24D2CF1F00A82DB5;
					};
					81746F1E24D2CF2000A82DB5 = {
						CreatedOnToolsVersion = 11.6;
						TestTargetID = 81746EFD24D2CF1F00A82DB5;
					};
				};
			};
			buildConfigurationList = 81746EF924D2CF1F00A82DB5 /* Build configuration list for PBXProject "VictoriaCovid" */;
			compatibilityVersion = "Xcode 9.3";
			developmentRegion = en;
			hasScannedForEncodings = 0;
			knownRegions = (
				en,
				Base,
			);
			mainGroup = 81746EF524D2CF1F00A82DB5;
			productRefGroup = 81746EFF24D2CF1F00A82DB5 /* Products */;
			projectDirPath = "";
			projectRoot = "";
			targets = (
				81746EFD24D2CF1F00A82DB5 /* VictoriaCovid */,
				81746F1324D2CF2000A82DB5 /* VictoriaCovidTests */,
				81746F1E24D2CF2000A82DB5 /* VictoriaCovidUITests */,
			);
		};
/* End PBXProject section */

/* Begin PBXResourcesBuildPhase section */
		81746EFC24D2CF1F00A82DB5 /* Resources */ = {
			isa = PBXResourcesBuildPhase;
			buildActionMask = 2147483647;
			files = (
				81746F0E24D2CF2000A82DB5 /* LaunchScreen.storyboard in Resources */,
				81746F0B24D2CF2000A82DB5 /* Assets.xcassets in Resources */,
				81746F0924D2CF1F00A82DB5 /* Main.storyboard in Resources */,
			);
			runOnlyForDeploymentPostprocessing = 0;
		};
		81746F1224D2CF2000A82DB5 /* Resources */ = {
			isa = PBXResourcesBuildPhase;
			buildActionMask = 2147483647;
			files = (
			);
			runOnlyForDeploymentPostprocessing = 0;
		};
		81746F1D24D2CF2000A82DB5 /* Resources */ = {
			isa = PBXResourcesBuildPhase;
			buildActionMask = 2147483647;
			files = (
			);
			runOnlyForDeploymentPostprocessing = 0;
		};
/* End PBXResourcesBuildPhase section */

/* Begin PBXShellScriptBuildPhase section */
		3860C88D6ABBA79F615D0CF1 /* [CP] Check Pods Manifest.lock */ = {
			isa = PBXShellScriptBuildPhase;
			buildActionMask = 2147483647;
			files = (
			);
			inputFileListPaths = (
			);
			inputPaths = (
				"${PODS_PODFILE_DIR_PATH}/Podfile.lock",
				"${PODS_ROOT}/Manifest.lock",
			);
			name = "[CP] Check Pods Manifest.lock";
			outputFileListPaths = (
			);
			outputPaths = (
				"$(DERIVED_FILE_DIR)/Pods-VictoriaCovid-VictoriaCovidUITests-checkManifestLockResult.txt",
			);
			runOnlyForDeploymentPostprocessing = 0;
			shellPath = /bin/sh;
			shellScript = "diff \"${PODS_PODFILE_DIR_PATH}/Podfile.lock\" \"${PODS_ROOT}/Manifest.lock\" > /dev/null\nif [ $? != 0 ] ; then\n    # print error to STDERR\n    echo \"error: The sandbox is not in sync with the Podfile.lock. Run 'pod install' or update your CocoaPods installation.\" >&2\n    exit 1\nfi\n# This output is used by Xcode 'outputs' to avoid re-running this script phase.\necho \"SUCCESS\" > \"${SCRIPT_OUTPUT_FILE_0}\"\n";
			showEnvVarsInLog = 0;
		};
		88501D3FCCDFFC6301552EBB /* [CP] Check Pods Manifest.lock */ = {
			isa = PBXShellScriptBuildPhase;
			buildActionMask = 2147483647;
			files = (
			);
			inputFileListPaths = (
			);
			inputPaths = (
				"${PODS_PODFILE_DIR_PATH}/Podfile.lock",
				"${PODS_ROOT}/Manifest.lock",
			);
			name = "[CP] Check Pods Manifest.lock";
			outputFileListPaths = (
			);
			outputPaths = (
				"$(DERIVED_FILE_DIR)/Pods-VictoriaCovid-checkManifestLockResult.txt",
			);
			runOnlyForDeploymentPostprocessing = 0;
			shellPath = /bin/sh;
			shellScript = "diff \"${PODS_PODFILE_DIR_PATH}/Podfile.lock\" \"${PODS_ROOT}/Manifest.lock\" > /dev/null\nif [ $? != 0 ] ; then\n    # print error to STDERR\n    echo \"error: The sandbox is not in sync with the Podfile.lock. Run 'pod install' or update your CocoaPods installation.\" >&2\n    exit 1\nfi\n# This output is used by Xcode 'outputs' to avoid re-running this script phase.\necho \"SUCCESS\" > \"${SCRIPT_OUTPUT_FILE_0}\"\n";
			showEnvVarsInLog = 0;
		};
		CF2CE24B93B7EF8B07497BA6 /* [CP] Check Pods Manifest.lock */ = {
			isa = PBXShellScriptBuildPhase;
			buildActionMask = 2147483647;
			files = (
			);
			inputFileListPaths = (
			);
			inputPaths = (
				"${PODS_PODFILE_DIR_PATH}/Podfile.lock",
				"${PODS_ROOT}/Manifest.lock",
			);
			name = "[CP] Check Pods Manifest.lock";
			outputFileListPaths = (
			);
			outputPaths = (
				"$(DERIVED_FILE_DIR)/Pods-VictoriaCovidTests-checkManifestLockResult.txt",
			);
			runOnlyForDeploymentPostprocessing = 0;
			shellPath = /bin/sh;
			shellScript = "diff \"${PODS_PODFILE_DIR_PATH}/Podfile.lock\" \"${PODS_ROOT}/Manifest.lock\" > /dev/null\nif [ $? != 0 ] ; then\n    # print error to STDERR\n    echo \"error: The sandbox is not in sync with the Podfile.lock. Run 'pod install' or update your CocoaPods installation.\" >&2\n    exit 1\nfi\n# This output is used by Xcode 'outputs' to avoid re-running this script phase.\necho \"SUCCESS\" > \"${SCRIPT_OUTPUT_FILE_0}\"\n";
			showEnvVarsInLog = 0;
		};
/* End PBXShellScriptBuildPhase section */

/* Begin PBXSourcesBuildPhase section */
		81746EFA24D2CF1F00A82DB5 /* Sources */ = {
			isa = PBXSourcesBuildPhase;
			buildActionMask = 2147483647;
			files = (
				81746F0624D2CF1F00A82DB5 /* ViewController.swift in Sources */,
				81746F0224D2CF1F00A82DB5 /* AppDelegate.swift in Sources */,
				81746F0424D2CF1F00A82DB5 /* SceneDelegate.swift in Sources */,
			);
			runOnlyForDeploymentPostprocessing = 0;
		};
		81746F1024D2CF2000A82DB5 /* Sources */ = {
			isa = PBXSourcesBuildPhase;
			buildActionMask = 2147483647;
			files = (
				81746F1924D2CF2000A82DB5 /* VictoriaCovidTests.swift in Sources */,
			);
			runOnlyForDeploymentPostprocessing = 0;
		};
		81746F1B24D2CF2000A82DB5 /* Sources */ = {
			isa = PBXSourcesBuildPhase;
			buildActionMask = 2147483647;
			files = (
				81746F2424D2CF2000A82DB5 /* VictoriaCovidUITests.swift in Sources */,
			);
			runOnlyForDeploymentPostprocessing = 0;
		};
/* End PBXSourcesBuildPhase section */

/* Begin PBXTargetDependency section */
		81746F1624D2CF2000A82DB5 /* PBXTargetDependency */ = {
			isa = PBXTargetDependency;
			target = 81746EFD24D2CF1F00A82DB5 /* VictoriaCovid */;
			targetProxy = 81746F1524D2CF2000A82DB5 /* PBXContainerItemProxy */;
		};
		81746F2124D2CF2000A82DB5 /* PBXTargetDependency */ = {
			isa = PBXTargetDependency;
			target = 81746EFD24D2CF1F00A82DB5 /* VictoriaCovid */;
			targetProxy = 81746F2024D2CF2000A82DB5 /* PBXContainerItemProxy */;
		};
/* End PBXTargetDependency section */

/* Begin PBXVariantGroup section */
		81746F0724D2CF1F00A82DB5 /* Main.storyboard */ = {
			isa = PBXVariantGroup;
			children = (
				81746F0824D2CF1F00A82DB5 /* Base */,
			);
			name = Main.storyboard;
			sourceTree = "<group>";
		};
		81746F0C24D2CF2000A82DB5 /* LaunchScreen.storyboard */ = {
			isa = PBXVariantGroup;
			children = (
				81746F0D24D2CF2000A82DB5 /* Base */,
			);
			name = LaunchScreen.storyboard;
			sourceTree = "<group>";
		};
/* End PBXVariantGroup section */

/* Begin XCBuildConfiguration section */
		81746F2624D2CF2000A82DB5 /* Debug */ = {
			isa = XCBuildConfiguration;
			buildSettings = {
				ALWAYS_SEARCH_USER_PATHS = NO;
				CLANG_ANALYZER_NONNULL = YES;
				CLANG_ANALYZER_NUMBER_OBJECT_CONVERSION = YES_AGGRESSIVE;
				CLANG_CXX_LANGUAGE_STANDARD = "gnu++14";
				CLANG_CXX_LIBRARY = "libc++";
				CLANG_ENABLE_MODULES = YES;
				CLANG_ENABLE_OBJC_ARC = YES;
				CLANG_ENABLE_OBJC_WEAK = YES;
				CLANG_WARN_BLOCK_CAPTURE_AUTORELEASING = YES;
				CLANG_WARN_BOOL_CONVERSION = YES;
				CLANG_WARN_COMMA = YES;
				CLANG_WARN_CONSTANT_CONVERSION = YES;
				CLANG_WARN_DEPRECATED_OBJC_IMPLEMENTATIONS = YES;
				CLANG_WARN_DIRECT_OBJC_ISA_USAGE = YES_ERROR;
				CLANG_WARN_DOCUMENTATION_COMMENTS = YES;
				CLANG_WARN_EMPTY_BODY = YES;
				CLANG_WARN_ENUM_CONVERSION = YES;
				CLANG_WARN_INFINITE_RECURSION = YES;
				CLANG_WARN_INT_CONVERSION = YES;
				CLANG_WARN_NON_LITERAL_NULL_CONVERSION = YES;
				CLANG_WARN_OBJC_IMPLICIT_RETAIN_SELF = YES;
				CLANG_WARN_OBJC_LITERAL_CONVERSION = YES;
				CLANG_WARN_OBJC_ROOT_CLASS = YES_ERROR;
				CLANG_WARN_RANGE_LOOP_ANALYSIS = YES;
				CLANG_WARN_STRICT_PROTOTYPES = YES;
				CLANG_WARN_SUSPICIOUS_MOVE = YES;
				CLANG_WARN_UNGUARDED_AVAILABILITY = YES_AGGRESSIVE;
				CLANG_WARN_UNREACHABLE_CODE = YES;
				CLANG_WARN__DUPLICATE_METHOD_MATCH = YES;
				COPY_PHASE_STRIP = NO;
				DEBUG_INFORMATION_FORMAT = dwarf;
				ENABLE_STRICT_OBJC_MSGSEND = YES;
				ENABLE_TESTABILITY = YES;
				GCC_C_LANGUAGE_STANDARD = gnu11;
				GCC_DYNAMIC_NO_PIC = NO;
				GCC_NO_COMMON_BLOCKS = YES;
				GCC_OPTIMIZATION_LEVEL = 0;
				GCC_PREPROCESSOR_DEFINITIONS = (
					"DEBUG=1",
					"$(inherited)",
				);
				GCC_WARN_64_TO_32_BIT_CONVERSION = YES;
				GCC_WARN_ABOUT_RETURN_TYPE = YES_ERROR;
				GCC_WARN_UNDECLARED_SELECTOR = YES;
				GCC_WARN_UNINITIALIZED_AUTOS = YES_AGGRESSIVE;
				GCC_WARN_UNUSED_FUNCTION = YES;
				GCC_WARN_UNUSED_VARIABLE = YES;
				IPHONEOS_DEPLOYMENT_TARGET = 13.6;
				MTL_ENABLE_DEBUG_INFO = INCLUDE_SOURCE;
				MTL_FAST_MATH = YES;
				ONLY_ACTIVE_ARCH = YES;
				SDKROOT = iphoneos;
				SWIFT_ACTIVE_COMPILATION_CONDITIONS = DEBUG;
				SWIFT_OPTIMIZATION_LEVEL = "-Onone";
			};
			name = Debug;
		};
		81746F2724D2CF2000A82DB5 /* Release */ = {
			isa = XCBuildConfiguration;
			buildSettings = {
				ALWAYS_SEARCH_USER_PATHS = NO;
				CLANG_ANALYZER_NONNULL = YES;
				CLANG_ANALYZER_NUMBER_OBJECT_CONVERSION = YES_AGGRESSIVE;
				CLANG_CXX_LANGUAGE_STANDARD = "gnu++14";
				CLANG_CXX_LIBRARY = "libc++";
				CLANG_ENABLE_MODULES = YES;
				CLANG_ENABLE_OBJC_ARC = YES;
				CLANG_ENABLE_OBJC_WEAK = YES;
				CLANG_WARN_BLOCK_CAPTURE_AUTORELEASING = YES;
				CLANG_WARN_BOOL_CONVERSION = YES;
				CLANG_WARN_COMMA = YES;
				CLANG_WARN_CONSTANT_CONVERSION = YES;
				CLANG_WARN_DEPRECATED_OBJC_IMPLEMENTATIONS = YES;
				CLANG_WARN_DIRECT_OBJC_ISA_USAGE = YES_ERROR;
				CLANG_WARN_DOCUMENTATION_COMMENTS = YES;
				CLANG_WARN_EMPTY_BODY = YES;
				CLANG_WARN_ENUM_CONVERSION = YES;
				CLANG_WARN_INFINITE_RECURSION = YES;
				CLANG_WARN_INT_CONVERSION = YES;
				CLANG_WARN_NON_LITERAL_NULL_CONVERSION = YES;
				CLANG_WARN_OBJC_IMPLICIT_RETAIN_SELF = YES;
				CLANG_WARN_OBJC_LITERAL_CONVERSION = YES;
				CLANG_WARN_OBJC_ROOT_CLASS = YES_ERROR;
				CLANG_WARN_RANGE_LOOP_ANALYSIS = YES;
				CLANG_WARN_STRICT_PROTOTYPES = YES;
				CLANG_WARN_SUSPICIOUS_MOVE = YES;
				CLANG_WARN_UNGUARDED_AVAILABILITY = YES_AGGRESSIVE;
				CLANG_WARN_UNREACHABLE_CODE = YES;
				CLANG_WARN__DUPLICATE_METHOD_MATCH = YES;
				COPY_PHASE_STRIP = NO;
				DEBUG_INFORMATION_FORMAT = "dwarf-with-dsym";
				ENABLE_NS_ASSERTIONS = NO;
				ENABLE_STRICT_OBJC_MSGSEND = YES;
				GCC_C_LANGUAGE_STANDARD = gnu11;
				GCC_NO_COMMON_BLOCKS = YES;
				GCC_WARN_64_TO_32_BIT_CONVERSION = YES;
				GCC_WARN_ABOUT_RETURN_TYPE = YES_ERROR;
				GCC_WARN_UNDECLARED_SELECTOR = YES;
				GCC_WARN_UNINITIALIZED_AUTOS = YES_AGGRESSIVE;
				GCC_WARN_UNUSED_FUNCTION = YES;
				GCC_WARN_UNUSED_VARIABLE = YES;
				IPHONEOS_DEPLOYMENT_TARGET = 13.6;
				MTL_ENABLE_DEBUG_INFO = NO;
				MTL_FAST_MATH = YES;
				SDKROOT = iphoneos;
				SWIFT_COMPILATION_MODE = wholemodule;
				SWIFT_OPTIMIZATION_LEVEL = "-O";
				VALIDATE_PRODUCT = YES;
			};
			name = Release;
		};
		81746F2924D2CF2000A82DB5 /* Debug */ = {
			isa = XCBuildConfiguration;
			baseConfigurationReference = 49ED53A68ABE0E2132709E78 /* Pods-VictoriaCovid.debug.xcconfig */;
			buildSettings = {
				ASSETCATALOG_COMPILER_APPICON_NAME = AppIcon;
				CODE_SIGN_STYLE = Automatic;
				DEVELOPMENT_TEAM = 8BKJSMK7S8;
				INFOPLIST_FILE = VictoriaCovid/Info.plist;
				LD_RUNPATH_SEARCH_PATHS = (
					"$(inherited)",
					"@executable_path/Frameworks",
				);
				PRODUCT_BUNDLE_IDENTIFIER = com.org.ci.VictoriaCovid;
				PRODUCT_NAME = "$(TARGET_NAME)";
				SWIFT_VERSION = 5.0;
				TARGETED_DEVICE_FAMILY = "1,2";
			};
			name = Debug;
		};
		81746F2A24D2CF2000A82DB5 /* Release */ = {
			isa = XCBuildConfiguration;
			baseConfigurationReference = 875DD6A56CD4714830EB4938 /* Pods-VictoriaCovid.release.xcconfig */;
			buildSettings = {
				ASSETCATALOG_COMPILER_APPICON_NAME = AppIcon;
				CODE_SIGN_STYLE = Automatic;
				DEVELOPMENT_TEAM = 8BKJSMK7S8;
				INFOPLIST_FILE = VictoriaCovid/Info.plist;
				LD_RUNPATH_SEARCH_PATHS = (
					"$(inherited)",
					"@executable_path/Frameworks",
				);
				PRODUCT_BUNDLE_IDENTIFIER = com.org.ci.VictoriaCovid;
				PRODUCT_NAME = "$(TARGET_NAME)";
				SWIFT_VERSION = 5.0;
				TARGETED_DEVICE_FAMILY = "1,2";
			};
			name = Release;
		};
		81746F2C24D2CF2000A82DB5 /* Debug */ = {
			isa = XCBuildConfiguration;
			baseConfigurationReference = 7E801E68BAE2C04C7909DB5C /* Pods-VictoriaCovidTests.debug.xcconfig */;
			buildSettings = {
				ALWAYS_EMBED_SWIFT_STANDARD_LIBRARIES = YES;
				BUNDLE_LOADER = "$(TEST_HOST)";
				CODE_SIGN_STYLE = Automatic;
				DEVELOPMENT_TEAM = 8BKJSMK7S8;
				INFOPLIST_FILE = VictoriaCovidTests/Info.plist;
				IPHONEOS_DEPLOYMENT_TARGET = 13.6;
				LD_RUNPATH_SEARCH_PATHS = (
					"$(inherited)",
					"@executable_path/Frameworks",
					"@loader_path/Frameworks",
				);
				PRODUCT_BUNDLE_IDENTIFIER = com.org.ci.VictoriaCovidTests;
				PRODUCT_NAME = "$(TARGET_NAME)";
				SWIFT_VERSION = 5.0;
				TARGETED_DEVICE_FAMILY = "1,2";
				TEST_HOST = "$(BUILT_PRODUCTS_DIR)/VictoriaCovid.app/VictoriaCovid";
			};
			name = Debug;
		};
		81746F2D24D2CF2000A82DB5 /* Release */ = {
			isa = XCBuildConfiguration;
			baseConfigurationReference = 43CF14CDCA426842844B537C /* Pods-VictoriaCovidTests.release.xcconfig */;
			buildSettings = {
				ALWAYS_EMBED_SWIFT_STANDARD_LIBRARIES = YES;
				BUNDLE_LOADER = "$(TEST_HOST)";
				CODE_SIGN_STYLE = Automatic;
				DEVELOPMENT_TEAM = 8BKJSMK7S8;
				INFOPLIST_FILE = VictoriaCovidTests/Info.plist;
				IPHONEOS_DEPLOYMENT_TARGET = 13.6;
				LD_RUNPATH_SEARCH_PATHS = (
					"$(inherited)",
					"@executable_path/Frameworks",
					"@loader_path/Frameworks",
				);
				PRODUCT_BUNDLE_IDENTIFIER = com.org.ci.VictoriaCovidTests;
				PRODUCT_NAME = "$(TARGET_NAME)";
				SWIFT_VERSION = 5.0;
				TARGETED_DEVICE_FAMILY = "1,2";
				TEST_HOST = "$(BUILT_PRODUCTS_DIR)/VictoriaCovid.app/VictoriaCovid";
			};
			name = Release;
		};
		81746F2F24D2CF2000A82DB5 /* Debug */ = {
			isa = XCBuildConfiguration;
			baseConfigurationReference = AA9D7FE67E46C0C68E3C02B5 /* Pods-VictoriaCovid-VictoriaCovidUITests.debug.xcconfig */;
			buildSettings = {
				ALWAYS_EMBED_SWIFT_STANDARD_LIBRARIES = YES;
				CODE_SIGN_STYLE = Automatic;
				DEVELOPMENT_TEAM = 8BKJSMK7S8;
				INFOPLIST_FILE = VictoriaCovidUITests/Info.plist;
				LD_RUNPATH_SEARCH_PATHS = (
					"$(inherited)",
					"@executable_path/Frameworks",
					"@loader_path/Frameworks",
				);
				PRODUCT_BUNDLE_IDENTIFIER = com.org.ci.VictoriaCovidUITests;
				PRODUCT_NAME = "$(TARGET_NAME)";
				SWIFT_VERSION = 5.0;
				TARGETED_DEVICE_FAMILY = "1,2";
				TEST_TARGET_NAME = VictoriaCovid;
			};
			name = Debug;
		};
		81746F3024D2CF2000A82DB5 /* Release */ = {
			isa = XCBuildConfiguration;
			baseConfigurationReference = 65D3B2A0DE0DFEB3F1D30658 /* Pods-VictoriaCovid-VictoriaCovidUITests.release.xcconfig */;
			buildSettings = {
				ALWAYS_EMBED_SWIFT_STANDARD_LIBRARIES = YES;
				CODE_SIGN_STYLE = Automatic;
				DEVELOPMENT_TEAM = 8BKJSMK7S8;
				INFOPLIST_FILE = VictoriaCovidUITests/Info.plist;
				LD_RUNPATH_SEARCH_PATHS = (
					"$(inherited)",
					"@executable_path/Frameworks",
					"@loader_path/Frameworks",
				);
				PRODUCT_BUNDLE_IDENTIFIER = com.org.ci.VictoriaCovidUITests;
				PRODUCT_NAME = "$(TARGET_NAME)";
				SWIFT_VERSION = 5.0;
				TARGETED_DEVICE_FAMILY = "1,2";
				TEST_TARGET_NAME = VictoriaCovid;
			};
			name = Release;
		};
/* End XCBuildConfiguration section */

/* Begin XCConfigurationList section */
		81746EF924D2CF1F00A82DB5 /* Build configuration list for PBXProject "VictoriaCovid" */ = {
			isa = XCConfigurationList;
			buildConfigurations = (
				81746F2624D2CF2000A82DB5 /* Debug */,
				81746F2724D2CF2000A82DB5 /* Release */,
			);
			defaultConfigurationIsVisible = 0;
			defaultConfigurationName = Release;
		};
		81746F2824D2CF2000A82DB5 /* Build configuration list for PBXNativeTarget "VictoriaCovid" */ = {
			isa = XCConfigurationList;
			buildConfigurations = (
				81746F2924D2CF2000A82DB5 /* Debug */,
				81746F2A24D2CF2000A82DB5 /* Release */,
			);
			defaultConfigurationIsVisible = 0;
			defaultConfigurationName = Release;
		};
		81746F2B24D2CF2000A82DB5 /* Build configuration list for PBXNativeTarget "VictoriaCovidTests" */ = {
			isa = XCConfigurationList;
			buildConfigurations = (
				81746F2C24D2CF2000A82DB5 /* Debug */,
				81746F2D24D2CF2000A82DB5 /* Release */,
			);
			defaultConfigurationIsVisible = 0;
			defaultConfigurationName = Release;
		};
		81746F2E24D2CF2000A82DB5 /* Build configuration list for PBXNativeTarget "VictoriaCovidUITests" */ = {
			isa = XCConfigurationList;
			buildConfigurations = (
				81746F2F24D2CF2000A82DB5 /* Debug */,
				81746F3024D2CF2000A82DB5 /* Release */,
			);
			defaultConfigurationIsVisible = 0;
			defaultConfigurationName = Release;
		};
/* End XCConfigurationList section */
	};
	rootObject = 81746EF624D2CF1F00A82DB5 /* Project object */;
}
